
Microsoft Visual Studio Solution File, Format Version 12.00
# Visual Studio 15
VisualStudioVersion = 15.0.26730.16
MinimumVisualStudioVersion = 10.0.40219.1
Project("{FAE04EC0-301F-11D3-BF4B-00C04F79EFBC}") = "NetSelenium", "NetSelenium\NetSelenium.csproj", "{BA668A9E-A0E7-4A38-A8B2-F7E19653EACD}"
EndProject
Global
	GlobalSection(SolutionConfigurationPlatforms) = preSolution
		Debug|Any CPU = Debug|Any CPU
		Release|Any CPU = Release|Any CPU
	EndGlobalSection
	GlobalSection(ProjectConfigurationPlatforms) = postSolution
		{BA668A9E-A0E7-4A38-A8B2-F7E19653EACD}.Debug|Any CPU.ActiveCfg = Debug|Any CPU
		{BA668A9E-A0E7-4A38-A8B2-F7E19653EACD}.Debug|Any CPU.Build.0 = Debug|Any CPU
		{BA668A9E-A0E7-4A38-A8B2-F7E19653EACD}.Release|Any CPU.ActiveCfg = Release|Any CPU
		{BA668A9E-A0E7-4A38-A8B2-F7E19653EACD}.Release|Any CPU.Build.0 = Release|Any CPU
	EndGlobalSection
	GlobalSection(SolutionProperties) = preSolution
		HideSolutionNode = FALSE
	EndGlobalSection
	GlobalSection(ExtensibilityGlobals) = postSolution
		SolutionGuid = {32E73A47-F1E5-4631-8D54-5FB214D33B68}
	EndGlobalSection
EndGlobal
